
Microsoft Visual Studio Solution File, Format Version 12.00
# Visual Studio Version 17
VisualStudioVersion = 17.5.33530.505
MinimumVisualStudioVersion = 10.0.40219.1
Project("{FAE04EC0-301F-11D3-BF4B-00C04F79EFBC}") = "Day 5", "Day 5.csproj", "{DB47AEE3-5AD7-4A4C-8246-D2F1D696498D}"
EndProject
Global
	GlobalSection(SolutionConfigurationPlatforms) = preSolution
		Debug|Any CPU = Debug|Any CPU
		Release|Any CPU = Release|Any CPU
	EndGlobalSection
	GlobalSection(ProjectConfigurationPlatforms) = postSolution
		{DB47AEE3-5AD7-4A4C-8246-D2F1D696498D}.Debug|Any CPU.ActiveCfg = Debug|Any CPU
		{DB47AEE3-5AD7-4A4C-8246-D2F1D696498D}.Debug|Any CPU.Build.0 = Debug|Any CPU
		{DB47AEE3-5AD7-4A4C-8246-D2F1D696498D}.Release|Any CPU.ActiveCfg = Release|Any CPU
		{DB47AEE3-5AD7-4A4C-8246-D2F1D696498D}.Release|Any CPU.Build.0 = Release|Any CPU
	EndGlobalSection
	GlobalSection(SolutionProperties) = preSolution
		HideSolutionNode = FALSE
	EndGlobalSection
	GlobalSection(ExtensibilityGlobals) = postSolution
		SolutionGuid = {60E89A89-F185-4FA8-8A9D-173CEAE49A76}
	EndGlobalSection
EndGlobal
