
Microsoft Visual Studio Solution File, Format Version 12.00
# Visual Studio Version 17
VisualStudioVersion = 17.5.33530.505
MinimumVisualStudioVersion = 10.0.40219.1
Project("{FAE04EC0-301F-11D3-BF4B-00C04F79EFBC}") = "Day7", "Day7.csproj", "{CCA6E7AF-F200-4770-B646-51F7CE59A3E6}"
EndProject
Global
	GlobalSection(SolutionConfigurationPlatforms) = preSolution
		Debug|Any CPU = Debug|Any CPU
		Release|Any CPU = Release|Any CPU
	EndGlobalSection
	GlobalSection(ProjectConfigurationPlatforms) = postSolution
		{CCA6E7AF-F200-4770-B646-51F7CE59A3E6}.Debug|Any CPU.ActiveCfg = Debug|Any CPU
		{CCA6E7AF-F200-4770-B646-51F7CE59A3E6}.Debug|Any CPU.Build.0 = Debug|Any CPU
		{CCA6E7AF-F200-4770-B646-51F7CE59A3E6}.Release|Any CPU.ActiveCfg = Release|Any CPU
		{CCA6E7AF-F200-4770-B646-51F7CE59A3E6}.Release|Any CPU.Build.0 = Release|Any CPU
	EndGlobalSection
	GlobalSection(SolutionProperties) = preSolution
		HideSolutionNode = FALSE
	EndGlobalSection
	GlobalSection(ExtensibilityGlobals) = postSolution
		SolutionGuid = {EED51328-FE84-4125-BCAB-64F23180C27D}
	EndGlobalSection
EndGlobal
