
Microsoft Visual Studio Solution File, Format Version 12.00
# Visual Studio Version 17
VisualStudioVersion = 17.5.33530.505
MinimumVisualStudioVersion = 10.0.40219.1
Project("{FAE04EC0-301F-11D3-BF4B-00C04F79EFBC}") = "Day8", "Day8.csproj", "{699B9E7F-C2A2-4AE2-B948-2F0756DC534E}"
EndProject
Global
	GlobalSection(SolutionConfigurationPlatforms) = preSolution
		Debug|Any CPU = Debug|Any CPU
		Release|Any CPU = Release|Any CPU
	EndGlobalSection
	GlobalSection(ProjectConfigurationPlatforms) = postSolution
		{699B9E7F-C2A2-4AE2-B948-2F0756DC534E}.Debug|Any CPU.ActiveCfg = Debug|Any CPU
		{699B9E7F-C2A2-4AE2-B948-2F0756DC534E}.Debug|Any CPU.Build.0 = Debug|Any CPU
		{699B9E7F-C2A2-4AE2-B948-2F0756DC534E}.Release|Any CPU.ActiveCfg = Release|Any CPU
		{699B9E7F-C2A2-4AE2-B948-2F0756DC534E}.Release|Any CPU.Build.0 = Release|Any CPU
	EndGlobalSection
	GlobalSection(SolutionProperties) = preSolution
		HideSolutionNode = FALSE
	EndGlobalSection
	GlobalSection(ExtensibilityGlobals) = postSolution
		SolutionGuid = {F38C4E46-DC07-4539-A867-FB28C5823756}
	EndGlobalSection
EndGlobal
